
Microsoft Visual Studio Solution File, Format Version 12.00
# Visual Studio Version 17
VisualStudioVersion = 17.4.33110.190
MinimumVisualStudioVersion = 10.0.40219.1
Project("{FAE04EC0-301F-11D3-BF4B-00C04F79EFBC}") = "Test", "Test\Test.csproj", "{75340A49-0C8A-4FFF-A444-B38FDE700900}"
EndProject
Global
	GlobalSection(SolutionConfigurationPlatforms) = preSolution
		Debug|Any CPU = Debug|Any CPU
		Release|Any CPU = Release|Any CPU
	EndGlobalSection
	GlobalSection(ProjectConfigurationPlatforms) = postSolution
		{75340A49-0C8A-4FFF-A444-B38FDE700900}.Debug|Any CPU.ActiveCfg = Debug|Any CPU
		{75340A49-0C8A-4FFF-A444-B38FDE700900}.Debug|Any CPU.Build.0 = Debug|Any CPU
		{75340A49-0C8A-4FFF-A444-B38FDE700900}.Release|Any CPU.ActiveCfg = Release|Any CPU
		{75340A49-0C8A-4FFF-A444-B38FDE700900}.Release|Any CPU.Build.0 = Release|Any CPU
	EndGlobalSection
	GlobalSection(SolutionProperties) = preSolution
		HideSolutionNode = FALSE
	EndGlobalSection
	GlobalSection(ExtensibilityGlobals) = postSolution
		SolutionGuid = {913D3C6F-CECA-489E-BFFE-316E7A3D85A6}
	EndGlobalSection
EndGlobal
